# This file is automatically @generated by Poetry 1.4.0 and should not be changed by hand.

[[package]]
name = "adafruit-blinka"
version = "3.3.6"
description = "CircuitPython APIs for non-CircuitPython versions of Python such as CPython on Linux and MicroPython."
category = "dev"
optional = true
python-versions = ">=3.4.0"
files = [
    {file = "Adafruit-Blinka-3.3.6.tar.gz", hash = "sha256:2e5b3ebd6523921fcaab019db08a9a3b9514d68f7e46ca62e0bef600c40d6ac8"},
]

[package.dependencies]
Adafruit-PlatformDetect = "*"
Adafruit-PureIO = "*"
pyftdi = ">=0.30.0"
spidev = {version = ">=3.4", markers = "sys_platform == \"linux\" and platform_machine != \"mips\""}
sysv_ipc = {version = "*", markers = "platform_system != \"Windows\" and platform_machine != \"mips\""}

[[package]]
name = "adafruit-circuitpython-neopixel"
version = "6.3.3"
description = "CircuitPython library for NeoPixel LEDs."
category = "dev"
optional = true
python-versions = "*"
files = [
    {file = "adafruit-circuitpython-neopixel-6.3.3.tar.gz", hash = "sha256:7ce286bca8389e9f0a212924545e8e5fa8ca2de8ad5417b776bf64ce292250e8"},
]

[package.dependencies]
Adafruit-Blinka = "*"
adafruit-circuitpython-pixelbuf = "*"

[[package]]
name = "adafruit-circuitpython-pixelbuf"
version = "1.1.5"
description = "A pure Python implementation of adafruit_pixelbuf for smaller boards."
category = "dev"
optional = true
python-versions = "*"
files = [
    {file = "adafruit-circuitpython-pixelbuf-1.1.5.tar.gz", hash = "sha256:66e263b39d7196a17b107a194274d78971cd0d241fa0ec6cdf46694d09bf66ff"},
]

[package.dependencies]
Adafruit-Blinka = "*"

[[package]]
name = "adafruit-platformdetect"
version = "1.4.1"
description = "Platform detection for use by libraries like Adafruit-Blinka."
category = "dev"
optional = true
python-versions = ">=3.4.0"
files = [
    {file = "Adafruit-PlatformDetect-1.4.1.tar.gz", hash = "sha256:bbed54aba726480eeb18602705bc8afbf651bef2d4d50f4e09055c44a33837a4"},
]

[[package]]
name = "adafruit-pureio"
version = "1.0.4"
description = "Pure python (i.e. no native extensions) access to Linux IO including I2C and SPI.  Drop in replacement for smbus and spidev modules."
category = "dev"
optional = true
python-versions = ">=3.4.0"
files = [
    {file = "Adafruit_PureIO-1.0.4.tar.gz", hash = "sha256:b67587ed3c4dc90bd0e9b988587efa66b4466abf71eb0dcbcd4695e7e4350326"},
]

[[package]]
name = "appdirs"
version = "1.4.3"
description = "A small Python module for determining appropriate platform-specific dirs, e.g. a \"user data dir\"."
category = "dev"
optional = false
python-versions = "*"
files = [
    {file = "appdirs-1.4.3-py2.py3-none-any.whl", hash = "sha256:d8b24664561d0d34ddfaec54636d502d7cea6e29c3eaf68f3df6180863e2166e"},
    {file = "appdirs-1.4.3.tar.gz", hash = "sha256:9e5896d1372858f8dd3344faf4e5014d21849c756c8d5701f78f8a103b372d92"},
]

[[package]]
name = "atomicwrites"
version = "1.3.0"
description = "Atomic file writes."
category = "dev"
optional = false
python-versions = ">=2.7, !=3.0.*, !=3.1.*, !=3.2.*, !=3.3.*"
files = [
    {file = "atomicwrites-1.3.0-py2.py3-none-any.whl", hash = "sha256:03472c30eb2c5d1ba9227e4c2ca66ab8287fbfbbda3888aa93dc2e28fc6811b4"},
    {file = "atomicwrites-1.3.0.tar.gz", hash = "sha256:75a9445bac02d8d058d5e1fe689654ba5a6556a1dfd8ce6ec55a0ed79866cfa6"},
]

[[package]]
name = "attrs"
version = "19.3.0"
description = "Classes Without Boilerplate"
category = "dev"
optional = false
python-versions = ">=2.7, !=3.0.*, !=3.1.*, !=3.2.*, !=3.3.*"
files = [
    {file = "attrs-19.3.0-py2.py3-none-any.whl", hash = "sha256:08a96c641c3a74e44eb59afb61a24f2cb9f4d7188748e76ba4bb5edfa3cb7d1c"},
    {file = "attrs-19.3.0.tar.gz", hash = "sha256:f7b7ce16570fe9965acd6d30101a28f62fb4a7f9e926b3bbc9b61f8b04247e72"},
]

[package.extras]
azure-pipelines = ["coverage", "hypothesis", "pympler", "pytest (>=4.3.0)", "pytest-azurepipelines", "six", "zope.interface"]
dev = ["coverage", "hypothesis", "pre-commit", "pympler", "pytest (>=4.3.0)", "six", "sphinx", "zope.interface"]
docs = ["sphinx", "zope.interface"]
tests = ["coverage", "hypothesis", "pympler", "pytest (>=4.3.0)", "six", "zope.interface"]

[[package]]
name = "black"
version = "19.10b0"
description = "The uncompromising code formatter."
category = "dev"
optional = false
python-versions = ">=3.6"
files = [
    {file = "black-19.10b0-py36-none-any.whl", hash = "sha256:1b30e59be925fafc1ee4565e5e08abef6b03fe455102883820fe5ee2e4734e0b"},
    {file = "black-19.10b0.tar.gz", hash = "sha256:c2edb73a08e9e0e6f65a0e6af18b059b8b1cdd5bef997d7a0b181df93dc81539"},
]

[package.dependencies]
appdirs = "*"
attrs = ">=18.1.0"
click = ">=6.5"
pathspec = ">=0.6,<1"
regex = "*"
toml = ">=0.9.4"
typed-ast = ">=1.4.0"

[package.extras]
d = ["aiohttp (>=3.3.2)", "aiohttp-cors"]

[[package]]
name = "click"
version = "7.0"
description = "Composable command line interface toolkit"
category = "dev"
optional = false
python-versions = ">=2.7, !=3.0.*, !=3.1.*, !=3.2.*, !=3.3.*"
files = [
    {file = "Click-7.0-py2.py3-none-any.whl", hash = "sha256:2335065e6395b9e67ca716de5f7526736bfa6ceead690adf616d925bdc622b13"},
    {file = "Click-7.0.tar.gz", hash = "sha256:5b94b49521f6456670fdb30cd82a4eca9412788a93fa6dd6df72c94d5a8ff2d7"},
]

[[package]]
name = "colorama"
version = "0.4.3"
description = "Cross-platform colored terminal text."
category = "dev"
optional = false
python-versions = ">=2.7, !=3.0.*, !=3.1.*, !=3.2.*, !=3.3.*, !=3.4.*"
files = [
    {file = "colorama-0.4.3-py2.py3-none-any.whl", hash = "sha256:7d73d2a99753107a36ac6b455ee49046802e59d9d076ef8e47b61499fa29afff"},
    {file = "colorama-0.4.3.tar.gz", hash = "sha256:e96da0d330793e2cb9485e9ddfd918d456036c7149416295932478192f4436a1"},
]

[[package]]
name = "coverage"
version = "7.1.0"
description = "Code coverage measurement for Python"
category = "dev"
optional = false
python-versions = ">=3.7"
files = [
    {file = "coverage-7.1.0-cp310-cp310-macosx_10_9_x86_64.whl", hash = "sha256:3b946bbcd5a8231383450b195cfb58cb01cbe7f8949f5758566b881df4b33baf"},
    {file = "coverage-7.1.0-cp310-cp310-macosx_11_0_arm64.whl", hash = "sha256:ec8e767f13be637d056f7e07e61d089e555f719b387a7070154ad80a0ff31801"},
    {file = "coverage-7.1.0-cp310-cp310-manylinux_2_17_aarch64.manylinux2014_aarch64.whl", hash = "sha256:d4a5a5879a939cb84959d86869132b00176197ca561c664fc21478c1eee60d75"},
    {file = "coverage-7.1.0-cp310-cp310-manylinux_2_5_i686.manylinux1_i686.manylinux_2_17_i686.manylinux2014_i686.whl", hash = "sha256:b643cb30821e7570c0aaf54feaf0bfb630b79059f85741843e9dc23f33aaca2c"},
    {file = "coverage-7.1.0-cp310-cp310-manylinux_2_5_x86_64.manylinux1_x86_64.manylinux_2_17_x86_64.manylinux2014_x86_64.whl", hash = "sha256:32df215215f3af2c1617a55dbdfb403b772d463d54d219985ac7cd3bf124cada"},
    {file = "coverage-7.1.0-cp310-cp310-musllinux_1_1_aarch64.whl", hash = "sha256:33d1ae9d4079e05ac4cc1ef9e20c648f5afabf1a92adfaf2ccf509c50b85717f"},
    {file = "coverage-7.1.0-cp310-cp310-musllinux_1_1_i686.whl", hash = "sha256:29571503c37f2ef2138a306d23e7270687c0efb9cab4bd8038d609b5c2393a3a"},
    {file = "coverage-7.1.0-cp310-cp310-musllinux_1_1_x86_64.whl", hash = "sha256:63ffd21aa133ff48c4dff7adcc46b7ec8b565491bfc371212122dd999812ea1c"},
    {file = "coverage-7.1.0-cp310-cp310-win32.whl", hash = "sha256:4b14d5e09c656de5038a3f9bfe5228f53439282abcab87317c9f7f1acb280352"},
    {file = "coverage-7.1.0-cp310-cp310-win_amd64.whl", hash = "sha256:8361be1c2c073919500b6601220a6f2f98ea0b6d2fec5014c1d9cfa23dd07038"},
    {file = "coverage-7.1.0-cp311-cp311-macosx_10_9_x86_64.whl", hash = "sha256:da9b41d4539eefd408c46725fb76ecba3a50a3367cafb7dea5f250d0653c1040"},
    {file = "coverage-7.1.0-cp311-cp311-macosx_11_0_arm64.whl", hash = "sha256:c5b15ed7644ae4bee0ecf74fee95808dcc34ba6ace87e8dfbf5cb0dc20eab45a"},
    {file = "coverage-7.1.0-cp311-cp311-manylinux_2_17_aarch64.manylinux2014_aarch64.whl", hash = "sha256:d12d076582507ea460ea2a89a8c85cb558f83406c8a41dd641d7be9a32e1274f"},
    {file = "coverage-7.1.0-cp311-cp311-manylinux_2_5_i686.manylinux1_i686.manylinux_2_17_i686.manylinux2014_i686.whl", hash = "sha256:e2617759031dae1bf183c16cef8fcfb3de7617f394c813fa5e8e46e9b82d4222"},
    {file = "coverage-7.1.0-cp311-cp311-manylinux_2_5_x86_64.manylinux1_x86_64.manylinux_2_17_x86_64.manylinux2014_x86_64.whl", hash = "sha256:c4e4881fa9e9667afcc742f0c244d9364d197490fbc91d12ac3b5de0bf2df146"},
    {file = "coverage-7.1.0-cp311-cp311-musllinux_1_1_aarch64.whl", hash = "sha256:9d58885215094ab4a86a6aef044e42994a2bd76a446dc59b352622655ba6621b"},
    {file = "coverage-7.1.0-cp311-cp311-musllinux_1_1_i686.whl", hash = "sha256:ffeeb38ee4a80a30a6877c5c4c359e5498eec095878f1581453202bfacc8fbc2"},
    {file = "coverage-7.1.0-cp311-cp311-musllinux_1_1_x86_64.whl", hash = "sha256:3baf5f126f30781b5e93dbefcc8271cb2491647f8283f20ac54d12161dff080e"},
    {file = "coverage-7.1.0-cp311-cp311-win32.whl", hash = "sha256:ded59300d6330be27bc6cf0b74b89ada58069ced87c48eaf9344e5e84b0072f7"},
    {file = "coverage-7.1.0-cp311-cp311-win_amd64.whl", hash = "sha256:6a43c7823cd7427b4ed763aa7fb63901ca8288591323b58c9cd6ec31ad910f3c"},
    {file = "coverage-7.1.0-cp37-cp37m-macosx_10_9_x86_64.whl", hash = "sha256:7a726d742816cb3a8973c8c9a97539c734b3a309345236cd533c4883dda05b8d"},
    {file = "coverage-7.1.0-cp37-cp37m-manylinux_2_17_aarch64.manylinux2014_aarch64.whl", hash = "sha256:bc7c85a150501286f8b56bd8ed3aa4093f4b88fb68c0843d21ff9656f0009d6a"},
    {file = "coverage-7.1.0-cp37-cp37m-manylinux_2_5_i686.manylinux1_i686.manylinux_2_17_i686.manylinux2014_i686.whl", hash = "sha256:f5b4198d85a3755d27e64c52f8c95d6333119e49fd001ae5798dac872c95e0f8"},
    {file = "coverage-7.1.0-cp37-cp37m-manylinux_2_5_x86_64.manylinux1_x86_64.manylinux_2_17_x86_64.manylinux2014_x86_64.whl", hash = "sha256:ddb726cb861c3117a553f940372a495fe1078249ff5f8a5478c0576c7be12050"},
    {file = "coverage-7.1.0-cp37-cp37m-musllinux_1_1_aarch64.whl", hash = "sha256:51b236e764840a6df0661b67e50697aaa0e7d4124ca95e5058fa3d7cbc240b7c"},
    {file = "coverage-7.1.0-cp37-cp37m-musllinux_1_1_i686.whl", hash = "sha256:7ee5c9bb51695f80878faaa5598040dd6c9e172ddcf490382e8aedb8ec3fec8d"},
    {file = "coverage-7.1.0-cp37-cp37m-musllinux_1_1_x86_64.whl", hash = "sha256:c31b75ae466c053a98bf26843563b3b3517b8f37da4d47b1c582fdc703112bc3"},
    {file = "coverage-7.1.0-cp37-cp37m-win32.whl", hash = "sha256:3b155caf3760408d1cb903b21e6a97ad4e2bdad43cbc265e3ce0afb8e0057e73"},
    {file = "coverage-7.1.0-cp37-cp37m-win_amd64.whl", hash = "sha256:2a60d6513781e87047c3e630b33b4d1e89f39836dac6e069ffee28c4786715f5"},
    {file = "coverage-7.1.0-cp38-cp38-macosx_10_9_x86_64.whl", hash = "sha256:f2cba5c6db29ce991029b5e4ac51eb36774458f0a3b8d3137241b32d1bb91f06"},
    {file = "coverage-7.1.0-cp38-cp38-macosx_11_0_arm64.whl", hash = "sha256:beeb129cacea34490ffd4d6153af70509aa3cda20fdda2ea1a2be870dfec8d52"},
    {file = "coverage-7.1.0-cp38-cp38-manylinux_2_17_aarch64.manylinux2014_aarch64.whl", hash = "sha256:0c45948f613d5d18c9ec5eaa203ce06a653334cf1bd47c783a12d0dd4fd9c851"},
    {file = "coverage-7.1.0-cp38-cp38-manylinux_2_5_i686.manylinux1_i686.manylinux_2_17_i686.manylinux2014_i686.whl", hash = "sha256:ef382417db92ba23dfb5864a3fc9be27ea4894e86620d342a116b243ade5d35d"},
    {file = "coverage-7.1.0-cp38-cp38-manylinux_2_5_x86_64.manylinux1_x86_64.manylinux_2_17_x86_64.manylinux2014_x86_64.whl", hash = "sha256:7c7c0d0827e853315c9bbd43c1162c006dd808dbbe297db7ae66cd17b07830f0"},
    {file = "coverage-7.1.0-cp38-cp38-musllinux_1_1_aarch64.whl", hash = "sha256:e5cdbb5cafcedea04924568d990e20ce7f1945a1dd54b560f879ee2d57226912"},
    {file = "coverage-7.1.0-cp38-cp38-musllinux_1_1_i686.whl", hash = "sha256:9817733f0d3ea91bea80de0f79ef971ae94f81ca52f9b66500c6a2fea8e4b4f8"},
    {file = "coverage-7.1.0-cp38-cp38-musllinux_1_1_x86_64.whl", hash = "sha256:218fe982371ac7387304153ecd51205f14e9d731b34fb0568181abaf7b443ba0"},
    {file = "coverage-7.1.0-cp38-cp38-win32.whl", hash = "sha256:04481245ef966fbd24ae9b9e537ce899ae584d521dfbe78f89cad003c38ca2ab"},
    {file = "coverage-7.1.0-cp38-cp38-win_amd64.whl", hash = "sha256:8ae125d1134bf236acba8b83e74c603d1b30e207266121e76484562bc816344c"},
    {file = "coverage-7.1.0-cp39-cp39-macosx_10_9_x86_64.whl", hash = "sha256:2bf1d5f2084c3932b56b962a683074a3692bce7cabd3aa023c987a2a8e7612f6"},
    {file = "coverage-7.1.0-cp39-cp39-macosx_11_0_arm64.whl", hash = "sha256:98b85dd86514d889a2e3dd22ab3c18c9d0019e696478391d86708b805f4ea0fa"},
    {file = "coverage-7.1.0-cp39-cp39-manylinux_2_17_aarch64.manylinux2014_aarch64.whl", hash = "sha256:38da2db80cc505a611938d8624801158e409928b136c8916cd2e203970dde4dc"},
    {file = "coverage-7.1.0-cp39-cp39-manylinux_2_5_i686.manylinux1_i686.manylinux_2_17_i686.manylinux2014_i686.whl", hash = "sha256:3164d31078fa9efe406e198aecd2a02d32a62fecbdef74f76dad6a46c7e48311"},
    {file = "coverage-7.1.0-cp39-cp39-manylinux_2_5_x86_64.manylinux1_x86_64.manylinux_2_17_x86_64.manylinux2014_x86_64.whl", hash = "sha256:db61a79c07331e88b9a9974815c075fbd812bc9dbc4dc44b366b5368a2936063"},
    {file = "coverage-7.1.0-cp39-cp39-musllinux_1_1_aarch64.whl", hash = "sha256:9ccb092c9ede70b2517a57382a601619d20981f56f440eae7e4d7eaafd1d1d09"},
    {file = "coverage-7.1.0-cp39-cp39-musllinux_1_1_i686.whl", hash = "sha256:33ff26d0f6cc3ca8de13d14fde1ff8efe1456b53e3f0273e63cc8b3c84a063d8"},
    {file = "coverage-7.1.0-cp39-cp39-musllinux_1_1_x86_64.whl", hash = "sha256:d47dd659a4ee952e90dc56c97d78132573dc5c7b09d61b416a9deef4ebe01a0c"},
    {file = "coverage-7.1.0-cp39-cp39-win32.whl", hash = "sha256:d248cd4a92065a4d4543b8331660121b31c4148dd00a691bfb7a5cdc7483cfa4"},
    {file = "coverage-7.1.0-cp39-cp39-win_amd64.whl", hash = "sha256:7ed681b0f8e8bcbbffa58ba26fcf5dbc8f79e7997595bf071ed5430d8c08d6f3"},
    {file = "coverage-7.1.0-pp37.pp38.pp39-none-any.whl", hash = "sha256:755e89e32376c850f826c425ece2c35a4fc266c081490eb0a841e7c1cb0d3bda"},
    {file = "coverage-7.1.0.tar.gz", hash = "sha256:10188fe543560ec4874f974b5305cd1a8bdcfa885ee00ea3a03733464c4ca265"},
]

[package.extras]
toml = ["tomli"]

[[package]]
name = "flake8"
version = "6.0.0"
description = "the modular source code checker: pep8 pyflakes and co"
category = "dev"
optional = false
python-versions = ">=3.8.1"
files = [
    {file = "flake8-6.0.0-py2.py3-none-any.whl", hash = "sha256:3833794e27ff64ea4e9cf5d410082a8b97ff1a06c16aa3d2027339cd0f1195c7"},
    {file = "flake8-6.0.0.tar.gz", hash = "sha256:c61007e76655af75e6785a931f452915b371dc48f56efd765247c8fe68f2b181"},
]

[package.dependencies]
mccabe = ">=0.7.0,<0.8.0"
pycodestyle = ">=2.10.0,<2.11.0"
pyflakes = ">=3.0.0,<3.1.0"

[[package]]
name = "grpcio"
version = "1.51.3"
description = "HTTP/2-based RPC framework"
category = "main"
optional = false
python-versions = ">=3.7"
files = [
    {file = "grpcio-1.51.3-cp310-cp310-linux_armv7l.whl", hash = "sha256:f601aaeae18dab81930fb8d4f916b0da21e89bb4b5f7367ef793f46b4a76b7b0"},
    {file = "grpcio-1.51.3-cp310-cp310-macosx_12_0_universal2.whl", hash = "sha256:eef0450a4b5ed11feab639bf3eb1b6e23d0efa9b911bf7b06fb60e14f5f8a585"},
    {file = "grpcio-1.51.3-cp310-cp310-manylinux_2_17_aarch64.whl", hash = "sha256:82b0ad8ac825d4bb31bff9f638557c045f4a6d824d84b21e893968286f88246b"},
    {file = "grpcio-1.51.3-cp310-cp310-manylinux_2_17_i686.manylinux2014_i686.whl", hash = "sha256:3667c06e37d6cd461afdd51cefe6537702f3d1dc5ff4cac07e88d8b4795dc16f"},
    {file = "grpcio-1.51.3-cp310-cp310-manylinux_2_17_x86_64.manylinux2014_x86_64.whl", hash = "sha256:3709048fe0aa23dda09b3e69849a12055790171dab9e399a72ea8f9dfbf9ac80"},
    {file = "grpcio-1.51.3-cp310-cp310-musllinux_1_1_i686.whl", hash = "sha256:200d69857f9910f7458b39b9bcf83ee4a180591b40146ba9e49314e3a7419313"},
    {file = "grpcio-1.51.3-cp310-cp310-musllinux_1_1_x86_64.whl", hash = "sha256:cd9a5e68e79c5f031500e67793048a90209711e0854a9ddee8a3ce51728de4e5"},
    {file = "grpcio-1.51.3-cp310-cp310-win32.whl", hash = "sha256:6604f614016127ae10969176bbf12eb0e03d2fb3d643f050b3b69e160d144fb4"},
    {file = "grpcio-1.51.3-cp310-cp310-win_amd64.whl", hash = "sha256:e95c7ccd4c5807adef1602005513bf7c7d14e5a41daebcf9d8d30d8bf51b8f81"},
    {file = "grpcio-1.51.3-cp311-cp311-linux_armv7l.whl", hash = "sha256:5e77ee138100f0bb55cbd147840f87ee6241dbd25f09ea7cd8afe7efff323449"},
    {file = "grpcio-1.51.3-cp311-cp311-macosx_10_10_universal2.whl", hash = "sha256:68a7514b754e38e8de9075f7bb4dee919919515ec68628c43a894027e40ddec4"},
    {file = "grpcio-1.51.3-cp311-cp311-manylinux_2_17_i686.manylinux2014_i686.whl", hash = "sha256:3c1b9f8afa62ff265d86a4747a2990ec5a96e4efce5d5888f245a682d66eca47"},
    {file = "grpcio-1.51.3-cp311-cp311-manylinux_2_17_x86_64.manylinux2014_x86_64.whl", hash = "sha256:8de30f0b417744288cec65ec8cf84b8a57995cf7f1e84ccad2704d93f05d0aae"},
    {file = "grpcio-1.51.3-cp311-cp311-musllinux_1_1_i686.whl", hash = "sha256:b69c7adc7ed60da1cb1b502853db61f453fc745f940cbcc25eb97c99965d8f41"},
    {file = "grpcio-1.51.3-cp311-cp311-musllinux_1_1_x86_64.whl", hash = "sha256:d81528ffe0e973dc840ec73a4132fd18b8203ad129d7410155d951a0a7e4f5d0"},
    {file = "grpcio-1.51.3-cp311-cp311-win32.whl", hash = "sha256:040eb421613b57c696063abde405916dd830203c184c9000fc8c3b3b3c950325"},
    {file = "grpcio-1.51.3-cp311-cp311-win_amd64.whl", hash = "sha256:2a8e17286c4240137d933b8ca506465472248b4ce0fe46f3404459e708b65b68"},
    {file = "grpcio-1.51.3-cp37-cp37m-linux_armv7l.whl", hash = "sha256:d5cd1389669a847555df54177b911d9ff6f17345b2a6f19388707b7a9f724c88"},
    {file = "grpcio-1.51.3-cp37-cp37m-macosx_10_10_universal2.whl", hash = "sha256:be1bf35ce82cdbcac14e39d5102d8de4079a1c1a6a06b68e41fcd9ef64f9dd28"},
    {file = "grpcio-1.51.3-cp37-cp37m-manylinux_2_17_aarch64.whl", hash = "sha256:5eed34994c095e2bf7194ffac7381c6068b057ef1e69f8f08db77771350a7566"},
    {file = "grpcio-1.51.3-cp37-cp37m-manylinux_2_17_i686.manylinux2014_i686.whl", hash = "sha256:3f9a7d88082b2a17ae7bd3c2354d13bab0453899e0851733f6afa6918373f476"},
    {file = "grpcio-1.51.3-cp37-cp37m-manylinux_2_17_x86_64.manylinux2014_x86_64.whl", hash = "sha256:36c8abbc5f837111e7bd619612eedc223c290b0903b952ce0c7b00840ea70f14"},
    {file = "grpcio-1.51.3-cp37-cp37m-musllinux_1_1_i686.whl", hash = "sha256:165b05af77e6aecb4210ae7663e25acf234ba78a7c1c157fa5f2efeb0d6ec53c"},
    {file = "grpcio-1.51.3-cp37-cp37m-musllinux_1_1_x86_64.whl", hash = "sha256:54e36c2ee304ff15f2bfbdc43d2b56c63331c52d818c364e5b5214e5bc2ad9f6"},
    {file = "grpcio-1.51.3-cp37-cp37m-win32.whl", hash = "sha256:cd0daac21d9ef5e033a5100c1d3aa055bbed28bfcf070b12d8058045c4e821b1"},
    {file = "grpcio-1.51.3-cp37-cp37m-win_amd64.whl", hash = "sha256:2fdd6333ce96435408565a9dbbd446212cd5d62e4d26f6a3c0feb1e3c35f1cc8"},
    {file = "grpcio-1.51.3-cp38-cp38-linux_armv7l.whl", hash = "sha256:54b0c29bdd9a3b1e1b61443ab152f060fc719f1c083127ab08d03fac5efd51be"},
    {file = "grpcio-1.51.3-cp38-cp38-macosx_10_10_universal2.whl", hash = "sha256:ffaaf7e93fcb437356b5a4b23bf36e8a3d0221399ff77fd057e4bc77776a24be"},
    {file = "grpcio-1.51.3-cp38-cp38-manylinux_2_17_aarch64.whl", hash = "sha256:eafbe7501a3268d05f2e450e1ddaffb950d842a8620c13ec328b501d25d2e2c3"},
    {file = "grpcio-1.51.3-cp38-cp38-manylinux_2_17_i686.manylinux2014_i686.whl", hash = "sha256:881ecb34feabf31c6b3b9bbbddd1a5b57e69f805041e5a2c6c562a28574f71c4"},
    {file = "grpcio-1.51.3-cp38-cp38-manylinux_2_17_x86_64.manylinux2014_x86_64.whl", hash = "sha256:e860a3222139b41d430939bbec2ec9c3f6c740938bf7a04471a9a8caaa965a2e"},
    {file = "grpcio-1.51.3-cp38-cp38-musllinux_1_1_i686.whl", hash = "sha256:49ede0528e9dac7e8a9fe30b16c73b630ddd9a576bf4b675eb6b0c53ee5ca00f"},
    {file = "grpcio-1.51.3-cp38-cp38-musllinux_1_1_x86_64.whl", hash = "sha256:6972b009638b40a448d10e1bc18e2223143b8a7aa20d7def0d78dd4af4126d12"},
    {file = "grpcio-1.51.3-cp38-cp38-win32.whl", hash = "sha256:5694448256e3cdfe5bd358f1574a3f2f51afa20cc834713c4b9788d60b7cc646"},
    {file = "grpcio-1.51.3-cp38-cp38-win_amd64.whl", hash = "sha256:3ea4341efe603b049e8c9a5f13c696ca37fcdf8a23ca35f650428ad3606381d9"},
    {file = "grpcio-1.51.3-cp39-cp39-linux_armv7l.whl", hash = "sha256:6c677581ce129f5fa228b8f418cee10bd28dd449f3a544ea73c8ba590ee49d0b"},
    {file = "grpcio-1.51.3-cp39-cp39-macosx_10_10_universal2.whl", hash = "sha256:30e09b5e0531685e176f49679b6a3b190762cc225f4565e55a899f5e14b3aa62"},
    {file = "grpcio-1.51.3-cp39-cp39-manylinux_2_17_aarch64.whl", hash = "sha256:c831f31336e81243f85b6daff3e5e8a123302ce0ea1f2726ad752fd7a59f3aee"},
    {file = "grpcio-1.51.3-cp39-cp39-manylinux_2_17_i686.manylinux2014_i686.whl", hash = "sha256:2cd2e4cefb724cab1ba2df4b7535a9980531b9ec51b4dbb5f137a1f3a3754ef0"},
    {file = "grpcio-1.51.3-cp39-cp39-manylinux_2_17_x86_64.manylinux2014_x86_64.whl", hash = "sha256:f7a0d0bf44438869d307f85a54f25a896ad6b4b0ca12370f76892ad732928d87"},
    {file = "grpcio-1.51.3-cp39-cp39-musllinux_1_1_i686.whl", hash = "sha256:c02abd55409bfb293371554adf6a4401197ec2133dd97727c01180889014ba4d"},
    {file = "grpcio-1.51.3-cp39-cp39-musllinux_1_1_x86_64.whl", hash = "sha256:2f8ff75e61e1227ba7a3f16b2eadbcc11d0a54096d52ab75a6b88cfbe56f55d1"},
    {file = "grpcio-1.51.3-cp39-cp39-win32.whl", hash = "sha256:6c99a73a6260bdf844b2e5ddad02dcd530310f80e1fa72c300fa19c1c7496962"},
    {file = "grpcio-1.51.3-cp39-cp39-win_amd64.whl", hash = "sha256:22bdfac4f7f27acdd4da359b5e7e1973dc74bf1ed406729b07d0759fde2f064b"},
    {file = "grpcio-1.51.3.tar.gz", hash = "sha256:be7b2265b7527bb12109a7727581e274170766d5b3c9258d4e466f4872522d7a"},
]

[package.extras]
protobuf = ["grpcio-tools (>=1.51.3)"]

[[package]]
name = "grpcio-tools"
version = "1.51.3"
description = "Protobuf code generator for gRPC"
category = "dev"
optional = false
python-versions = ">=3.7"
files = [
    {file = "grpcio-tools-1.51.3.tar.gz", hash = "sha256:4fea28e3dd31871579a57058796a78093c75b74b74e9de2f2b7a7fd9a443d403"},
    {file = "grpcio_tools-1.51.3-cp310-cp310-linux_armv7l.whl", hash = "sha256:779ac1ad2258b8debaa45595bfb3814806ed8880e3ea7f194e551d76a6255969"},
    {file = "grpcio_tools-1.51.3-cp310-cp310-macosx_12_0_universal2.whl", hash = "sha256:83bf605fe2b3591d3c8a78646f37c72c5832c4dd84b5f92405c17cb10b136be6"},
    {file = "grpcio_tools-1.51.3-cp310-cp310-manylinux_2_17_aarch64.whl", hash = "sha256:35f885c5afd8e6a77d320f5a9624b439a93f9be2b87fa7b7948c1ad7b2ba0894"},
    {file = "grpcio_tools-1.51.3-cp310-cp310-manylinux_2_17_i686.manylinux2014_i686.whl", hash = "sha256:253b639fb79a4d28ce494ae40e5695bf1e2cb4a05f205fc433c46b2049ab4d99"},
    {file = "grpcio_tools-1.51.3-cp310-cp310-manylinux_2_17_x86_64.manylinux2014_x86_64.whl", hash = "sha256:0c6b145587d6062e2335f0b3286501dd6853a1ea50bd466a913351b7c48e5f20"},
    {file = "grpcio_tools-1.51.3-cp310-cp310-musllinux_1_1_i686.whl", hash = "sha256:046c0b1e372d4acf552aa0c8f5e830f019d67b75f25aeb0968d15fbdd3eaabd3"},
    {file = "grpcio_tools-1.51.3-cp310-cp310-musllinux_1_1_x86_64.whl", hash = "sha256:efc90b0287908c46281eb61933acaa1b96a575d0160fc98b5c64b9dec46f60d1"},
    {file = "grpcio_tools-1.51.3-cp310-cp310-win32.whl", hash = "sha256:8e9df40db7a0edd403b539cc142d6114270e35debf723a5b4a7a93d5c30fffc0"},
    {file = "grpcio_tools-1.51.3-cp310-cp310-win_amd64.whl", hash = "sha256:077adaee431c2b040dd77923964577087c32e828908e8fa2e53f8e003ad408c9"},
    {file = "grpcio_tools-1.51.3-cp311-cp311-linux_armv7l.whl", hash = "sha256:b50f9b8a6482a90c1a41e731a879a130f7dea267065d0a06f47c9160ce5d01c3"},
    {file = "grpcio_tools-1.51.3-cp311-cp311-macosx_10_10_universal2.whl", hash = "sha256:89a68adcb4238aba69f3a364ac02c9a46e55b9e3fd8af1c6f384079abfa9347c"},
    {file = "grpcio_tools-1.51.3-cp311-cp311-manylinux_2_17_i686.manylinux2014_i686.whl", hash = "sha256:78d177da43e7f6fde6715df4a3015ae13158166bc2845ac7f9cfb526eafb41b8"},
    {file = "grpcio_tools-1.51.3-cp311-cp311-manylinux_2_17_x86_64.manylinux2014_x86_64.whl", hash = "sha256:793f9edef82f600a3324f8a3d8cd8318a8d02f28fb54f8236cbb35ce0928d186"},
    {file = "grpcio_tools-1.51.3-cp311-cp311-musllinux_1_1_i686.whl", hash = "sha256:f7583735542ced7d30baec6cc21bffeaffcec1523bf807e8f8f0047113b6d30a"},
    {file = "grpcio_tools-1.51.3-cp311-cp311-musllinux_1_1_x86_64.whl", hash = "sha256:f2df233a3e7db23d9b516cb5e2bfe029465f40a72978bee0584e44e7860ea73f"},
    {file = "grpcio_tools-1.51.3-cp311-cp311-win32.whl", hash = "sha256:7427939455735fbf2ea88c37f1585c9c8b809eec7b447642f34465eb4d26020b"},
    {file = "grpcio_tools-1.51.3-cp311-cp311-win_amd64.whl", hash = "sha256:ba76d15fd149b575170fa32a1f6a9ff2b38ff9db223229a8ad6f53450a452688"},
    {file = "grpcio_tools-1.51.3-cp37-cp37m-linux_armv7l.whl", hash = "sha256:d2212c682529263b3c9e903092d0ccbb9fc6afba820e4c2fa52c2c27720cdcae"},
    {file = "grpcio_tools-1.51.3-cp37-cp37m-macosx_10_10_universal2.whl", hash = "sha256:405656b3cf9639427e6c30a795570cba4a7c06b88a3145866f7d2c05b7e048b4"},
    {file = "grpcio_tools-1.51.3-cp37-cp37m-manylinux_2_17_aarch64.whl", hash = "sha256:3c445a064b2ef3d3475e26e2add8ddb4ac2933741ecddf71d5b071a3ad078db4"},
    {file = "grpcio_tools-1.51.3-cp37-cp37m-manylinux_2_17_i686.manylinux2014_i686.whl", hash = "sha256:c7b3374f4a6579c58d16a5fab2e6b4e9bb8625a034a7f4cd6024f4d1cc12f2a0"},
    {file = "grpcio_tools-1.51.3-cp37-cp37m-manylinux_2_17_x86_64.manylinux2014_x86_64.whl", hash = "sha256:46e8df08b65f9379c3f103147b29542b0141ca84e77d0eee9114ca5f9b3f0d23"},
    {file = "grpcio_tools-1.51.3-cp37-cp37m-musllinux_1_1_i686.whl", hash = "sha256:2fade12de08923b350475ca16d0d0bd68578c30fce89147aa0f94ef5759bc5a9"},
    {file = "grpcio_tools-1.51.3-cp37-cp37m-musllinux_1_1_x86_64.whl", hash = "sha256:d4ffb6325ed489065dbdca764cf37c3a29376bc657874116c9af788d7a0d2ee4"},
    {file = "grpcio_tools-1.51.3-cp37-cp37m-win32.whl", hash = "sha256:f8d17271fc58ed3503dd571c79917e126deca51f85f093770a9606e806aac9dc"},
    {file = "grpcio_tools-1.51.3-cp37-cp37m-win_amd64.whl", hash = "sha256:ef849687c7f2bd7f3277edc7c7cafc7042823d0fb078e3c01c861eb0c96ed181"},
    {file = "grpcio_tools-1.51.3-cp38-cp38-linux_armv7l.whl", hash = "sha256:7fd18d8d211fbfd337fc12e5bdd57e62368f636addf901d290e68a39f1dfea38"},
    {file = "grpcio_tools-1.51.3-cp38-cp38-macosx_10_10_universal2.whl", hash = "sha256:233fc56f054424232e2086f444004413e33c699174ce6ee0e279c25227243fec"},
    {file = "grpcio_tools-1.51.3-cp38-cp38-manylinux_2_17_aarch64.whl", hash = "sha256:867fa1973fa8b0772077c15425f122f672a18b1c53709a8a2bff9d056db4c20e"},
    {file = "grpcio_tools-1.51.3-cp38-cp38-manylinux_2_17_i686.manylinux2014_i686.whl", hash = "sha256:b486a99bdf2722e68a9d59769389e2fb86878b6f293be5111f7678e364a0c359"},
    {file = "grpcio_tools-1.51.3-cp38-cp38-manylinux_2_17_x86_64.manylinux2014_x86_64.whl", hash = "sha256:c8bbf412c357999f88d87f421fd48b4b114fc037fec7bbaed0cb7620c24a5e44"},
    {file = "grpcio_tools-1.51.3-cp38-cp38-musllinux_1_1_i686.whl", hash = "sha256:1166744c40821bb0aa605d2af2287fac367756f858a3d18f4c3d25bc0b92757b"},
    {file = "grpcio_tools-1.51.3-cp38-cp38-musllinux_1_1_x86_64.whl", hash = "sha256:781896c488e07b9463196045e6725e52d018cd7d0e1062d4ab1eee2647ca9170"},
    {file = "grpcio_tools-1.51.3-cp38-cp38-win32.whl", hash = "sha256:35c1ee7c766eb586f04ba41fa7711eb847767eb277a1737998374ac57768f1f0"},
    {file = "grpcio_tools-1.51.3-cp38-cp38-win_amd64.whl", hash = "sha256:584b201fb39307dcb1affcf2647656a0e6244423ef1659cc6caa3ff85c5ae5c1"},
    {file = "grpcio_tools-1.51.3-cp39-cp39-linux_armv7l.whl", hash = "sha256:e02231e21029f716a1d23a0b5e664fa243d147da33a3f55088a9529b860aa4ac"},
    {file = "grpcio_tools-1.51.3-cp39-cp39-macosx_10_10_universal2.whl", hash = "sha256:fbb742e10bd548031b8d80f7c28eb70c7c3a9850f8e99c98cd496f19a05f9fee"},
    {file = "grpcio_tools-1.51.3-cp39-cp39-manylinux_2_17_aarch64.whl", hash = "sha256:a836a72c657f751244cdb358c3461a89627e6d02654079d2450cfe361800428c"},
    {file = "grpcio_tools-1.51.3-cp39-cp39-manylinux_2_17_i686.manylinux2014_i686.whl", hash = "sha256:bb554408e0ec5ff5201013f268726d9eef8e5bd1fd4b4e09c46c0b4a9de8b64c"},
    {file = "grpcio_tools-1.51.3-cp39-cp39-manylinux_2_17_x86_64.manylinux2014_x86_64.whl", hash = "sha256:158c5bfe7e157fd9a944bde9f7dfe3b468416666e4fade77cd17caa3edc8bd81"},
    {file = "grpcio_tools-1.51.3-cp39-cp39-musllinux_1_1_i686.whl", hash = "sha256:715c792679224171c0584e9f235b921d76f8990deb38b0d1215d0469301d9cd9"},
    {file = "grpcio_tools-1.51.3-cp39-cp39-musllinux_1_1_x86_64.whl", hash = "sha256:ece44f42b10e0bceb49235be1e361e1ee69afee7f938c82fb656a601a4a720e3"},
    {file = "grpcio_tools-1.51.3-cp39-cp39-win32.whl", hash = "sha256:980e632710ba05e04364c6f276e905d5d367437f1ce2265ce7b96b5c1eac5693"},
    {file = "grpcio_tools-1.51.3-cp39-cp39-win_amd64.whl", hash = "sha256:5f4c47b14e66f80365cd5667ecc2f7fb0eb91e02c4e54362041b758feaa00511"},
]

[package.dependencies]
grpcio = ">=1.51.3"
protobuf = ">=4.21.6,<5.0dev"
setuptools = "*"

[[package]]
name = "iniconfig"
version = "1.1.1"
description = "iniconfig: brain-dead simple config-ini parsing"
category = "dev"
optional = false
python-versions = "*"
files = [
    {file = "iniconfig-1.1.1-py2.py3-none-any.whl", hash = "sha256:011e24c64b7f47f6ebd835bb12a743f2fbe9a26d4cecaa7f53bc4f35ee9da8b3"},
    {file = "iniconfig-1.1.1.tar.gz", hash = "sha256:bc3af051d7d14b2ee5ef9969666def0cd1a000e121eaea580d4a313df4b37f32"},
]

[[package]]
name = "isort"
version = "5.10.1"
description = "A Python utility / library to sort Python imports."
category = "dev"
optional = false
python-versions = ">=3.6.1,<4.0"
files = [
    {file = "isort-5.10.1-py3-none-any.whl", hash = "sha256:6f62d78e2f89b4500b080fe3a81690850cd254227f27f75c3a0c491a1f351ba7"},
    {file = "isort-5.10.1.tar.gz", hash = "sha256:e8443a5e7a020e9d7f97f1d7d9cd17c88bcb3bc7e218bf9cf5095fe550be2951"},
]

[package.extras]
colors = ["colorama (>=0.4.3,<0.5.0)"]
pipfile-deprecated-finder = ["pipreqs", "requirementslib"]
plugins = ["setuptools"]
requirements-deprecated-finder = ["pip-api", "pipreqs"]

[[package]]
name = "mccabe"
version = "0.7.0"
description = "McCabe checker, plugin for flake8"
category = "dev"
optional = false
python-versions = ">=3.6"
files = [
    {file = "mccabe-0.7.0-py2.py3-none-any.whl", hash = "sha256:6c2d30ab6be0e4a46919781807b4f0d834ebdd6c6e3dca0bda5a15f863427b6e"},
    {file = "mccabe-0.7.0.tar.gz", hash = "sha256:348e0240c33b60bbdf4e523192ef919f28cb2c3d7d5c7794f74009290f236325"},
]

[[package]]
name = "packaging"
version = "20.0"
description = "Core utilities for Python packages"
category = "dev"
optional = false
python-versions = ">=2.7, !=3.0.*, !=3.1.*, !=3.2.*, !=3.3.*"
files = [
    {file = "packaging-20.0-py2.py3-none-any.whl", hash = "sha256:aec3fdbb8bc9e4bb65f0634b9f551ced63983a529d6a8931817d52fdd0816ddb"},
    {file = "packaging-20.0.tar.gz", hash = "sha256:fe1d8331dfa7cc0a883b49d75fc76380b2ab2734b220fbb87d774e4fd4b851f8"},
]

[package.dependencies]
pyparsing = ">=2.0.2"
six = "*"

[[package]]
name = "pathspec"
version = "0.7.0"
description = "Utility library for gitignore style pattern matching of file paths."
category = "dev"
optional = false
python-versions = ">=2.7, !=3.0.*, !=3.1.*, !=3.2.*, !=3.3.*, !=3.4.*"
files = [
    {file = "pathspec-0.7.0-py2.py3-none-any.whl", hash = "sha256:163b0632d4e31cef212976cf57b43d9fd6b0bac6e67c26015d611a647d5e7424"},
    {file = "pathspec-0.7.0.tar.gz", hash = "sha256:562aa70af2e0d434367d9790ad37aed893de47f1693e4201fd1d3dca15d19b96"},
]

[[package]]
name = "pluggy"
version = "0.13.1"
description = "plugin and hook calling mechanisms for python"
category = "dev"
optional = false
python-versions = ">=2.7, !=3.0.*, !=3.1.*, !=3.2.*, !=3.3.*"
files = [
    {file = "pluggy-0.13.1-py2.py3-none-any.whl", hash = "sha256:966c145cd83c96502c3c3868f50408687b38434af77734af1e9ca461a4081d2d"},
    {file = "pluggy-0.13.1.tar.gz", hash = "sha256:15b2acde666561e1298d71b523007ed7364de07029219b604cf808bfa1c765b0"},
]

[package.extras]
dev = ["pre-commit", "tox"]

[[package]]
name = "protobuf"
version = "4.21.6"
description = ""
category = "main"
optional = false
python-versions = ">=3.7"
files = [
    {file = "protobuf-4.21.6-cp310-abi3-win32.whl", hash = "sha256:49f88d56a9180dbb7f6199c920f5bb5c1dd0172f672983bb281298d57c2ac8eb"},
    {file = "protobuf-4.21.6-cp310-abi3-win_amd64.whl", hash = "sha256:7a6cc8842257265bdfd6b74d088b829e44bcac3cca234c5fdd6052730017b9ea"},
    {file = "protobuf-4.21.6-cp37-abi3-macosx_10_9_universal2.whl", hash = "sha256:ba596b9ffb85c909fcfe1b1a23136224ed678af3faf9912d3fa483d5f9813c4e"},
    {file = "protobuf-4.21.6-cp37-abi3-manylinux2014_aarch64.whl", hash = "sha256:4143513c766db85b9d7c18dbf8339673c8a290131b2a0fe73855ab20770f72b0"},
    {file = "protobuf-4.21.6-cp37-abi3-manylinux2014_x86_64.whl", hash = "sha256:b6cea204865595a92a7b240e4b65bcaaca3ad5d2ce25d9db3756eba06041138e"},
    {file = "protobuf-4.21.6-cp37-cp37m-win32.whl", hash = "sha256:9666da97129138585b26afcb63ad4887f602e169cafe754a8258541c553b8b5d"},
    {file = "protobuf-4.21.6-cp37-cp37m-win_amd64.whl", hash = "sha256:308173d3e5a3528787bb8c93abea81d5a950bdce62840d9760effc84127fb39c"},
    {file = "protobuf-4.21.6-cp38-cp38-win32.whl", hash = "sha256:aa29113ec901281f29d9d27b01193407a98aa9658b8a777b0325e6d97149f5ce"},
    {file = "protobuf-4.21.6-cp38-cp38-win_amd64.whl", hash = "sha256:8f9e60f7d44592c66e7b332b6a7b4b6e8d8b889393c79dbc3a91f815118f8eac"},
    {file = "protobuf-4.21.6-cp39-cp39-win32.whl", hash = "sha256:80e6540381080715fddac12690ee42d087d0d17395f8d0078dfd6f1181e7be4c"},
    {file = "protobuf-4.21.6-cp39-cp39-win_amd64.whl", hash = "sha256:77b355c8604fe285536155286b28b0c4cbc57cf81b08d8357bf34829ea982860"},
    {file = "protobuf-4.21.6-py2.py3-none-any.whl", hash = "sha256:07a0bb9cc6114f16a39c866dc28b6e3d96fa4ffb9cc1033057412547e6e75cb9"},
    {file = "protobuf-4.21.6-py3-none-any.whl", hash = "sha256:c7c864148a237f058c739ae7a05a2b403c0dfa4ce7d1f3e5213f352ad52d57c6"},
    {file = "protobuf-4.21.6.tar.gz", hash = "sha256:6b1040a5661cd5f6e610cbca9cfaa2a17d60e2bb545309bc1b278bb05be44bdd"},
]

[[package]]
name = "py"
version = "1.10.0"
description = "library with cross-python path, ini-parsing, io, code, log facilities"
category = "dev"
optional = false
python-versions = ">=2.7, !=3.0.*, !=3.1.*, !=3.2.*, !=3.3.*"
files = [
    {file = "py-1.10.0-py2.py3-none-any.whl", hash = "sha256:3b80836aa6d1feeaa108e046da6423ab8f6ceda6468545ae8d02d9d58d18818a"},
    {file = "py-1.10.0.tar.gz", hash = "sha256:21b81bda15b66ef5e1a777a21c4dcd9c20ad3efd0b3f817e7a809035269e1bd3"},
]

[[package]]
name = "pycodestyle"
version = "2.10.0"
description = "Python style guide checker"
category = "dev"
optional = false
python-versions = ">=3.6"
files = [
    {file = "pycodestyle-2.10.0-py2.py3-none-any.whl", hash = "sha256:8a4eaf0d0495c7395bdab3589ac2db602797d76207242c17d470186815706610"},
    {file = "pycodestyle-2.10.0.tar.gz", hash = "sha256:347187bdb476329d98f695c213d7295a846d1152ff4fe9bacb8a9590b8ee7053"},
]

[[package]]
name = "pyflakes"
version = "3.0.1"
description = "passive checker of Python programs"
category = "dev"
optional = false
python-versions = ">=3.6"
files = [
    {file = "pyflakes-3.0.1-py2.py3-none-any.whl", hash = "sha256:ec55bf7fe21fff7f1ad2f7da62363d749e2a470500eab1b555334b67aa1ef8cf"},
    {file = "pyflakes-3.0.1.tar.gz", hash = "sha256:ec8b276a6b60bd80defed25add7e439881c19e64850afd9b346283d4165fd0fd"},
]

[[package]]
name = "pyftdi"
version = "0.42.2"
description = "FTDI device driver (pure Python)"
category = "dev"
optional = true
python-versions = ">=3.5"
files = [
    {file = "pyftdi-0.42.2.tar.gz", hash = "sha256:72436911f1f5da15869027401ef666e9b0c8f051e4ba8cd32377b0757016ebae"},
]

[package.dependencies]
pyserial = ">=3.0"
pyusb = ">=1.0.0"

[[package]]
name = "pyparsing"
version = "2.4.6"
description = "Python parsing module"
category = "dev"
optional = false
python-versions = ">=2.6, !=3.0.*, !=3.1.*, !=3.2.*"
files = [
    {file = "pyparsing-2.4.6-py2.py3-none-any.whl", hash = "sha256:c342dccb5250c08d45fd6f8b4a559613ca603b57498511740e65cd11a2e7dcec"},
    {file = "pyparsing-2.4.6.tar.gz", hash = "sha256:4c830582a84fb022400b85429791bc551f1f4871c33f23e44f353119e92f969f"},
]

[[package]]
name = "pyserial"
version = "3.4"
description = "Python Serial Port Extension"
category = "dev"
optional = true
python-versions = "*"
files = [
    {file = "pyserial-3.4-py2.py3-none-any.whl", hash = "sha256:e0770fadba80c31013896c7e6ef703f72e7834965954a78e71a3049488d4d7d8"},
    {file = "pyserial-3.4.tar.gz", hash = "sha256:6e2d401fdee0eab996cf734e67773a0143b932772ca8b42451440cfed942c627"},
]

[[package]]
name = "pytest"
version = "7.1.2"
description = "pytest: simple powerful testing with Python"
category = "dev"
optional = false
python-versions = ">=3.7"
files = [
    {file = "pytest-7.1.2-py3-none-any.whl", hash = "sha256:13d0e3ccfc2b6e26be000cb6568c832ba67ba32e719443bfe725814d3c42433c"},
    {file = "pytest-7.1.2.tar.gz", hash = "sha256:a06a0425453864a270bc45e71f783330a7428defb4230fb5e6a731fde06ecd45"},
]

[package.dependencies]
atomicwrites = {version = ">=1.0", markers = "sys_platform == \"win32\""}
attrs = ">=19.2.0"
colorama = {version = "*", markers = "sys_platform == \"win32\""}
iniconfig = "*"
packaging = "*"
pluggy = ">=0.12,<2.0"
py = ">=1.8.2"
tomli = ">=1.0.0"

[package.extras]
testing = ["argcomplete", "hypothesis (>=3.56)", "mock", "nose", "pygments (>=2.7.2)", "requests", "xmlschema"]

[[package]]
name = "pyusb"
version = "1.0.2"
description = "Python USB access module"
category = "dev"
optional = true
python-versions = "*"
files = [
    {file = "pyusb-1.0.2.tar.gz", hash = "sha256:4e9b72cc4a4205ca64fbf1f3fff39a335512166c151ad103e55c8223ac147362"},
]

[[package]]
name = "regex"
version = "2020.1.7"
description = "Alternative regular expression module, to replace re."
category = "dev"
optional = false
python-versions = "*"
files = [
    {file = "regex-2020.1.7-cp27-cp27m-win32.whl", hash = "sha256:e77f64a3ae8b9a555e170a3908748b4e2ccd0c58f8385f328baf8fc70f9ea497"},
    {file = "regex-2020.1.7-cp27-cp27m-win_amd64.whl", hash = "sha256:841056961d441f05b949d9003e7f2b5d51a11dd52d8bd7c0a5325943b6a0ea6b"},
    {file = "regex-2020.1.7-cp36-cp36m-manylinux1_i686.whl", hash = "sha256:bcd9bcba67ae8d1e1b21426ea7995f7ca08260bea601ba15e13e5ca8588208ef"},
    {file = "regex-2020.1.7-cp36-cp36m-manylinux1_x86_64.whl", hash = "sha256:6d999447f77b1b638ea620bde466b958144af90ac2e9b1f23b98a79ced14ce3f"},
    {file = "regex-2020.1.7-cp36-cp36m-manylinux2010_i686.whl", hash = "sha256:b2faf1dce478c0ca1c92575bdc48b7afdce3a887a02afb6342fae476af41bbe2"},
    {file = "regex-2020.1.7-cp36-cp36m-manylinux2010_x86_64.whl", hash = "sha256:a4677dc8245f1127b70fa79fb7f15a61eae0fee36ae15cbbe017207485fe9a5c"},
    {file = "regex-2020.1.7-cp36-cp36m-win32.whl", hash = "sha256:dd69d165bee099b02d122d1e0dd55a85ebf9a65493dcd17124b628db9edfc833"},
    {file = "regex-2020.1.7-cp36-cp36m-win_amd64.whl", hash = "sha256:ed75b64c6694bbe840b3340191b2039f633fd1ec6fc567454e47d7326eda557f"},
    {file = "regex-2020.1.7-cp37-cp37m-manylinux1_i686.whl", hash = "sha256:93e797cf16e07b315413d1157b5ce7a7c2b28b2b95768e25c0ccd290443661ad"},
    {file = "regex-2020.1.7-cp37-cp37m-manylinux1_x86_64.whl", hash = "sha256:52814a8423d52a7e0f070dbb79f7bdfce5221992b881f83bad69f8daf4b831c3"},
    {file = "regex-2020.1.7-cp37-cp37m-manylinux2010_i686.whl", hash = "sha256:ef85a6a15342559bed737dc16dfb1545dc043ca5bf5bce6bff4830f0e7a74395"},
    {file = "regex-2020.1.7-cp37-cp37m-manylinux2010_x86_64.whl", hash = "sha256:d47a89e6029852c88fff859dbc9a11dcec820413b4c2510e80ced1c99c3e79ea"},
    {file = "regex-2020.1.7-cp37-cp37m-win32.whl", hash = "sha256:13901ac914de7a7e58a92f99c71415e268e88ac4be8b389d8360c38e64b2f1c5"},
    {file = "regex-2020.1.7-cp37-cp37m-win_amd64.whl", hash = "sha256:08047f4b31254489316b489c24983d72c0b9d520da084b8c624f45891a9c6da2"},
    {file = "regex-2020.1.7-cp38-cp38-manylinux1_i686.whl", hash = "sha256:895f95344182b4ecb84044910e62ad33ca63a7e7b447c7ba858d24e9f1aad939"},
    {file = "regex-2020.1.7-cp38-cp38-manylinux1_x86_64.whl", hash = "sha256:79530d60a8644f72f78834c01a2d70a60be110e2f4a0a612b78da23ef60c2730"},
    {file = "regex-2020.1.7-cp38-cp38-manylinux2010_i686.whl", hash = "sha256:ec75e8baa576aed6065b615a8f8e91a05e42b492b24ffd16cbb075ad62fb9185"},
    {file = "regex-2020.1.7-cp38-cp38-manylinux2010_x86_64.whl", hash = "sha256:15b6f7e10f764c5162242a7db89da51218a38299415ba5e70f235a6a83c53b94"},
    {file = "regex-2020.1.7-cp38-cp38-win32.whl", hash = "sha256:08d042155592c24cbdb81158a99aeeded4493381a1aba5eba9def6d29961042c"},
    {file = "regex-2020.1.7-cp38-cp38-win_amd64.whl", hash = "sha256:46d01bb4139e7051470037f8b9a5b90c48cb77a3d307c2621bf3791bfae4d9d8"},
    {file = "regex-2020.1.7.tar.gz", hash = "sha256:7391eeee49bb3ce895ca43479eaca810f0c2608556711fa02a82075768f81a37"},
]

[[package]]
name = "rpi.gpio"
version = "0.7.0"
description = "A module to control Raspberry Pi GPIO channels"
category = "dev"
optional = true
python-versions = "*"
files = [
    {file = "RPi.GPIO-0.7.0.tar.gz", hash = "sha256:7424bc6c205466764f30f666c18187a0824077daf20b295c42f08aea2cb87d3f"},
]

[[package]]
name = "rpi-ws281x"
version = "4.2.2"
description = "Userspace Raspberry Pi PWM/PCM/SPI library for SK6812 and WS281X LEDs."
category = "dev"
optional = true
python-versions = "*"
files = [
    {file = "rpi_ws281x-4.2.2-cp27-cp27mu-linux_armv7l.whl", hash = "sha256:eb2365f513b333fb1574131a1a719b66ffd252624c192ac0e954a5970cfea84f"},
    {file = "rpi_ws281x-4.2.2-cp34-cp34m-linux_armv7l.whl", hash = "sha256:bad191da9945d7ba9fe0f88ab70d04e6af1b554f520eaa50415f7bff1fa31150"},
    {file = "rpi_ws281x-4.2.2-cp35-cp35m-linux_armv7l.whl", hash = "sha256:262ad65562333c20ccb1f10850f2413521dd300a2af16de32cbfa27b5b8353ac"},
    {file = "rpi_ws281x-4.2.2-cp37-cp37m-linux_armv7l.whl", hash = "sha256:dbbb04947b3166d96ba48a82702be9e9e762eb78922434e491d0de958f8fe8c7"},
    {file = "rpi_ws281x-4.2.2.tar.gz", hash = "sha256:d06cd31217dec40d715a3a07ccb2b4b0b0719527c5aa020cbdd77d0c0b31d113"},
]

[[package]]
name = "setuptools"
version = "67.6.0"
description = "Easily download, build, install, upgrade, and uninstall Python packages"
category = "dev"
optional = false
python-versions = ">=3.7"
files = [
    {file = "setuptools-67.6.0-py3-none-any.whl", hash = "sha256:b78aaa36f6b90a074c1fa651168723acbf45d14cb1196b6f02c0fd07f17623b2"},
    {file = "setuptools-67.6.0.tar.gz", hash = "sha256:2ee892cd5f29f3373097f5a814697e397cf3ce313616df0af11231e2ad118077"},
]

[package.extras]
docs = ["furo", "jaraco.packaging (>=9)", "jaraco.tidelift (>=1.4)", "pygments-github-lexers (==0.0.5)", "rst.linker (>=1.9)", "sphinx (>=3.5)", "sphinx-favicon", "sphinx-hoverxref (<2)", "sphinx-inline-tabs", "sphinx-lint", "sphinx-notfound-page (==0.8.3)", "sphinx-reredirects", "sphinxcontrib-towncrier"]
testing = ["build[virtualenv]", "filelock (>=3.4.0)", "flake8 (<5)", "flake8-2020", "ini2toml[lite] (>=0.9)", "jaraco.envs (>=2.2)", "jaraco.path (>=3.2.0)", "pip (>=19.1)", "pip-run (>=8.8)", "pytest (>=6)", "pytest-black (>=0.3.7)", "pytest-checkdocs (>=2.4)", "pytest-cov", "pytest-enabler (>=1.3)", "pytest-flake8", "pytest-mypy (>=0.9.1)", "pytest-perf", "pytest-timeout", "pytest-xdist", "tomli-w (>=1.0.0)", "virtualenv (>=13.0.0)", "wheel"]
testing-integration = ["build[virtualenv]", "filelock (>=3.4.0)", "jaraco.envs (>=2.2)", "jaraco.path (>=3.2.0)", "pytest", "pytest-enabler", "pytest-xdist", "tomli", "virtualenv (>=13.0.0)", "wheel"]

[[package]]
name = "six"
version = "1.13.0"
description = "Python 2 and 3 compatibility utilities"
category = "dev"
optional = false
python-versions = ">=2.6, !=3.0.*, !=3.1.*"
files = [
    {file = "six-1.13.0-py2.py3-none-any.whl", hash = "sha256:1f1b7d42e254082a9db6279deae68afb421ceba6158efa6131de7b3003ee93fd"},
    {file = "six-1.13.0.tar.gz", hash = "sha256:30f610279e8b2578cab6db20741130331735c781b56053c59c4076da27f06b66"},
]

[[package]]
name = "spidev"
version = "3.4"
description = "Python bindings for Linux SPI access through spidev"
category = "dev"
optional = true
python-versions = "*"
files = [
    {file = "spidev-3.4.tar.gz", hash = "sha256:4314e52f573d95233c907f307558893313a8a606e197e77bb711526b0e179e80"},
]

[[package]]
name = "sysv-ipc"
version = "1.0.1"
description = "System V IPC primitives (semaphores, shared memory and message queues) for Python"
category = "dev"
optional = true
python-versions = "*"
files = [
    {file = "sysv_ipc-1.0.1-cp27-cp27m-macosx_10_9_x86_64.whl", hash = "sha256:a67fc5b7a3dd5fc9c50776de0c65a44eb776d29bb88364dedb1fb1149e53a1f1"},
    {file = "sysv_ipc-1.0.1-cp36-cp36m-macosx_10_6_intel.whl", hash = "sha256:2b2b8491764845d06a9d5731ebe67f12fbe0c35967ac7f2bbe55ff24cb302405"},
    {file = "sysv_ipc-1.0.1.tar.gz", hash = "sha256:8eff10dd17789ddf21b422ce46ae0f6420088902a88e4296cb805cf2fde8b4dc"},
]

[[package]]
name = "toml"
version = "0.10.0"
description = "Python Library for Tom's Obvious, Minimal Language"
category = "dev"
optional = false
python-versions = "*"
files = [
    {file = "toml-0.10.0-py2.py3-none-any.whl", hash = "sha256:235682dd292d5899d361a811df37e04a8828a5b1da3115886b73cf81ebc9100e"},
    {file = "toml-0.10.0.tar.gz", hash = "sha256:229f81c57791a41d65e399fc06bf0848bab550a9dfd5ed66df18ce5f05e73d5c"},
]

[[package]]
name = "tomli"
version = "2.0.1"
description = "A lil' TOML parser"
category = "dev"
optional = false
python-versions = ">=3.7"
files = [
    {file = "tomli-2.0.1-py3-none-any.whl", hash = "sha256:939de3e7a6161af0c887ef91b7d41a53e7c5a1ca976325f429cb46ea9bc30ecc"},
    {file = "tomli-2.0.1.tar.gz", hash = "sha256:de526c12914f0c550d15924c62d72abc48d6fe7364aa87328337a31007fe8a4f"},
]

[[package]]
name = "typed-ast"
version = "1.4.0"
description = "a fork of Python 2 and 3 ast modules with type comment support"
category = "dev"
optional = false
python-versions = "*"
files = [
    {file = "typed_ast-1.4.0-cp35-cp35m-manylinux1_i686.whl", hash = "sha256:262c247a82d005e43b5b7f69aff746370538e176131c32dda9cb0f324d27141e"},
    {file = "typed_ast-1.4.0-cp35-cp35m-manylinux1_x86_64.whl", hash = "sha256:71211d26ffd12d63a83e079ff258ac9d56a1376a25bc80b1cdcdf601b855b90b"},
    {file = "typed_ast-1.4.0-cp35-cp35m-win32.whl", hash = "sha256:630968c5cdee51a11c05a30453f8cd65e0cc1d2ad0d9192819df9978984529f4"},
    {file = "typed_ast-1.4.0-cp35-cp35m-win_amd64.whl", hash = "sha256:ffde2fbfad571af120fcbfbbc61c72469e72f550d676c3342492a9dfdefb8f12"},
    {file = "typed_ast-1.4.0-cp36-cp36m-macosx_10_9_x86_64.whl", hash = "sha256:4e0b70c6fc4d010f8107726af5fd37921b666f5b31d9331f0bd24ad9a088e631"},
    {file = "typed_ast-1.4.0-cp36-cp36m-manylinux1_i686.whl", hash = "sha256:bc6c7d3fa1325a0c6613512a093bc2a2a15aeec350451cbdf9e1d4bffe3e3233"},
    {file = "typed_ast-1.4.0-cp36-cp36m-manylinux1_x86_64.whl", hash = "sha256:cc34a6f5b426748a507dd5d1de4c1978f2eb5626d51326e43280941206c209e1"},
    {file = "typed_ast-1.4.0-cp36-cp36m-win32.whl", hash = "sha256:d896919306dd0aa22d0132f62a1b78d11aaf4c9fc5b3410d3c666b818191630a"},
    {file = "typed_ast-1.4.0-cp36-cp36m-win_amd64.whl", hash = "sha256:354c16e5babd09f5cb0ee000d54cfa38401d8b8891eefa878ac772f827181a3c"},
    {file = "typed_ast-1.4.0-cp37-cp37m-macosx_10_9_x86_64.whl", hash = "sha256:95bd11af7eafc16e829af2d3df510cecfd4387f6453355188342c3e79a2ec87a"},
    {file = "typed_ast-1.4.0-cp37-cp37m-manylinux1_i686.whl", hash = "sha256:18511a0b3e7922276346bcb47e2ef9f38fb90fd31cb9223eed42c85d1312344e"},
    {file = "typed_ast-1.4.0-cp37-cp37m-manylinux1_x86_64.whl", hash = "sha256:d7c45933b1bdfaf9f36c579671fec15d25b06c8398f113dab64c18ed1adda01d"},
    {file = "typed_ast-1.4.0-cp37-cp37m-win32.whl", hash = "sha256:d755f03c1e4a51e9b24d899561fec4ccaf51f210d52abdf8c07ee2849b212a36"},
    {file = "typed_ast-1.4.0-cp37-cp37m-win_amd64.whl", hash = "sha256:2b907eb046d049bcd9892e3076c7a6456c93a25bebfe554e931620c90e6a25b0"},
    {file = "typed_ast-1.4.0-cp38-cp38-macosx_10_9_x86_64.whl", hash = "sha256:fdc1c9bbf79510b76408840e009ed65958feba92a88833cdceecff93ae8fff66"},
    {file = "typed_ast-1.4.0-cp38-cp38-manylinux1_i686.whl", hash = "sha256:7954560051331d003b4e2b3eb822d9dd2e376fa4f6d98fee32f452f52dd6ebb2"},
    {file = "typed_ast-1.4.0-cp38-cp38-manylinux1_x86_64.whl", hash = "sha256:48e5b1e71f25cfdef98b013263a88d7145879fbb2d5185f2a0c79fa7ebbeae47"},
    {file = "typed_ast-1.4.0-cp38-cp38-win32.whl", hash = "sha256:1170afa46a3799e18b4c977777ce137bb53c7485379d9706af8a59f2ea1aa161"},
    {file = "typed_ast-1.4.0-cp38-cp38-win_amd64.whl", hash = "sha256:838997f4310012cf2e1ad3803bce2f3402e9ffb71ded61b5ee22617b3a7f6b6e"},
    {file = "typed_ast-1.4.0.tar.gz", hash = "sha256:66480f95b8167c9c5c5c87f32cf437d585937970f3fc24386f313a4c97b44e34"},
]

[extras]
rpi = []

[metadata]
lock-version = "2.0"
python-versions = "^3.9"
content-hash = "32ac3768614bb7cdcf7371927a02afe400a27158eeab9b9d8e41685418d47ec6"
