[[package]]
name = "adafruit-blinka"
version = "3.3.6"
description = "CircuitPython APIs for non-CircuitPython versions of Python such as CPython on Linux and MicroPython."
category = "dev"
optional = true
python-versions = ">=3.4.0"

[package.dependencies]
Adafruit-PlatformDetect = "*"
Adafruit-PureIO = "*"
pyftdi = ">=0.30.0"
spidev = {version = ">=3.4", markers = "sys_platform == \"linux\" and platform_machine != \"mips\""}
sysv_ipc = {version = "*", markers = "platform_system != \"Windows\" and platform_machine != \"mips\""}

[[package]]
name = "adafruit-circuitpython-neopixel"
version = "6.3.3"
description = "CircuitPython library for NeoPixel LEDs."
category = "dev"
optional = true
python-versions = "*"

[package.dependencies]
Adafruit-Blinka = "*"
adafruit-circuitpython-pixelbuf = "*"

[[package]]
name = "adafruit-circuitpython-pixelbuf"
version = "1.1.5"
description = "A pure Python implementation of adafruit_pixelbuf for smaller boards."
category = "dev"
optional = true
python-versions = "*"

[package.dependencies]
Adafruit-Blinka = "*"

[[package]]
name = "adafruit-platformdetect"
version = "1.4.1"
description = "Platform detection for use by libraries like Adafruit-Blinka."
category = "dev"
optional = true
python-versions = ">=3.4.0"

[[package]]
name = "adafruit-pureio"
version = "1.0.4"
description = "Pure python (i.e. no native extensions) access to Linux IO including I2C and SPI.  Drop in replacement for smbus and spidev modules."
category = "dev"
optional = true
python-versions = ">=3.4.0"

[[package]]
name = "appdirs"
version = "1.4.3"
description = "A small Python module for determining appropriate platform-specific dirs, e.g. a \"user data dir\"."
category = "dev"
optional = false
python-versions = "*"

[[package]]
name = "atomicwrites"
version = "1.3.0"
description = "Atomic file writes."
category = "dev"
optional = false
python-versions = ">=2.7, !=3.0.*, !=3.1.*, !=3.2.*, !=3.3.*"

[[package]]
name = "attrs"
version = "19.3.0"
description = "Classes Without Boilerplate"
category = "dev"
optional = false
python-versions = ">=2.7, !=3.0.*, !=3.1.*, !=3.2.*, !=3.3.*"

[package.extras]
azure-pipelines = ["coverage", "hypothesis", "pympler", "pytest (>=4.3.0)", "six", "zope.interface", "pytest-azurepipelines"]
dev = ["coverage", "hypothesis", "pympler", "pytest (>=4.3.0)", "six", "zope.interface", "sphinx", "pre-commit"]
docs = ["sphinx", "zope.interface"]
tests = ["coverage", "hypothesis", "pympler", "pytest (>=4.3.0)", "six", "zope.interface"]

[[package]]
name = "black"
version = "19.10b0"
description = "The uncompromising code formatter."
category = "dev"
optional = false
python-versions = ">=3.6"

[package.dependencies]
appdirs = "*"
attrs = ">=18.1.0"
click = ">=6.5"
pathspec = ">=0.6,<1"
regex = "*"
toml = ">=0.9.4"
typed-ast = ">=1.4.0"

[package.extras]
d = ["aiohttp (>=3.3.2)", "aiohttp-cors"]

[[package]]
name = "click"
version = "7.0"
description = "Composable command line interface toolkit"
category = "dev"
optional = false
python-versions = ">=2.7, !=3.0.*, !=3.1.*, !=3.2.*, !=3.3.*"

[[package]]
name = "colorama"
version = "0.4.3"
description = "Cross-platform colored terminal text."
category = "dev"
optional = false
python-versions = ">=2.7, !=3.0.*, !=3.1.*, !=3.2.*, !=3.3.*, !=3.4.*"

[[package]]
name = "coverage"
version = "4.5.4"
description = "Code coverage measurement for Python"
category = "dev"
optional = false
python-versions = ">=2.6, !=3.0.*, !=3.1.*, !=3.2.*, <4"

[[package]]
name = "entrypoints"
version = "0.3"
description = "Discover and load entry points from installed packages."
category = "dev"
optional = false
python-versions = ">=2.7"

[[package]]
name = "flake8"
version = "3.7.9"
description = "the modular source code checker: pep8, pyflakes and co"
category = "dev"
optional = false
python-versions = ">=2.7, !=3.0.*, !=3.1.*, !=3.2.*, !=3.3.*"

[package.dependencies]
entrypoints = ">=0.3.0,<0.4.0"
mccabe = ">=0.6.0,<0.7.0"
pycodestyle = ">=2.5.0,<2.6.0"
pyflakes = ">=2.1.0,<2.2.0"

[[package]]
name = "grpcio"
version = "1.26.0"
description = "HTTP/2-based RPC framework"
category = "main"
optional = false
python-versions = "*"

[package.dependencies]
six = ">=1.5.2"

[[package]]
name = "grpcio-tools"
version = "1.26.0"
description = "Protobuf code generator for gRPC"
category = "dev"
optional = false
python-versions = "*"

[package.dependencies]
grpcio = ">=1.26.0"
protobuf = ">=3.5.0.post1"

[[package]]
name = "importlib-metadata"
version = "1.3.0"
description = "Read metadata from Python packages"
category = "dev"
optional = false
python-versions = "!=3.0.*,!=3.1.*,!=3.2.*,!=3.3.*,!=3.4.*,>=2.7"

[package.dependencies]
zipp = ">=0.5"

[package.extras]
docs = ["sphinx", "rst.linker"]
testing = ["packaging", "importlib-resources"]

[[package]]
name = "isort"
version = "4.3.21"
description = "A Python utility / library to sort Python imports."
category = "dev"
optional = false
python-versions = ">=2.7, !=3.0.*, !=3.1.*, !=3.2.*, !=3.3.*"

[package.extras]
pipfile = ["pipreqs", "requirementslib"]
pyproject = ["toml"]
requirements = ["pipreqs", "pip-api"]
xdg_home = ["appdirs (>=1.4.0)"]

[[package]]
name = "mccabe"
version = "0.6.1"
description = "McCabe checker, plugin for flake8"
category = "dev"
optional = false
python-versions = "*"

[[package]]
name = "more-itertools"
version = "8.0.2"
description = "More routines for operating on iterables, beyond itertools"
category = "dev"
optional = false
python-versions = ">=3.5"

[[package]]
name = "packaging"
version = "20.0"
description = "Core utilities for Python packages"
category = "dev"
optional = false
python-versions = ">=2.7, !=3.0.*, !=3.1.*, !=3.2.*, !=3.3.*"

[package.dependencies]
pyparsing = ">=2.0.2"
six = "*"

[[package]]
name = "pathspec"
version = "0.7.0"
description = "Utility library for gitignore style pattern matching of file paths."
category = "dev"
optional = false
python-versions = ">=2.7, !=3.0.*, !=3.1.*, !=3.2.*, !=3.3.*, !=3.4.*"

[[package]]
name = "pluggy"
version = "0.13.1"
description = "plugin and hook calling mechanisms for python"
category = "dev"
optional = false
python-versions = ">=2.7, !=3.0.*, !=3.1.*, !=3.2.*, !=3.3.*"

[package.dependencies]
importlib-metadata = {version = ">=0.12", markers = "python_version < \"3.8\""}

[package.extras]
dev = ["pre-commit", "tox"]

[[package]]
name = "protobuf"
version = "3.15.0"
description = "Protocol Buffers"
category = "main"
optional = false
python-versions = "*"

[package.dependencies]
six = ">=1.9"

[[package]]
name = "py"
version = "1.10.0"
description = "library with cross-python path, ini-parsing, io, code, log facilities"
category = "dev"
optional = false
python-versions = ">=2.7, !=3.0.*, !=3.1.*, !=3.2.*, !=3.3.*"

[[package]]
name = "pycodestyle"
version = "2.5.0"
description = "Python style guide checker"
category = "dev"
optional = false
python-versions = ">=2.7, !=3.0.*, !=3.1.*, !=3.2.*, !=3.3.*"

[[package]]
name = "pyflakes"
version = "2.1.1"
description = "passive checker of Python programs"
category = "dev"
optional = false
python-versions = ">=2.7, !=3.0.*, !=3.1.*, !=3.2.*, !=3.3.*"

[[package]]
name = "pyftdi"
version = "0.42.2"
description = "FTDI device driver (pure Python)"
category = "dev"
optional = true
python-versions = ">=3.5"

[package.dependencies]
pyserial = ">=3.0"
pyusb = ">=1.0.0"

[[package]]
name = "pyparsing"
version = "2.4.6"
description = "Python parsing module"
category = "dev"
optional = false
python-versions = ">=2.6, !=3.0.*, !=3.1.*, !=3.2.*"

[[package]]
name = "pyserial"
version = "3.4"
description = "Python Serial Port Extension"
category = "dev"
optional = true
python-versions = "*"

[[package]]
name = "pytest"
version = "5.3.2"
description = "pytest: simple powerful testing with Python"
category = "dev"
optional = false
python-versions = ">=3.5"

[package.dependencies]
atomicwrites = {version = ">=1.0", markers = "sys_platform == \"win32\""}
attrs = ">=17.4.0"
colorama = {version = "*", markers = "sys_platform == \"win32\""}
importlib-metadata = {version = ">=0.12", markers = "python_version < \"3.8\""}
more-itertools = ">=4.0.0"
packaging = "*"
pluggy = ">=0.12,<1.0"
py = ">=1.5.0"
wcwidth = "*"

[package.extras]
testing = ["argcomplete", "hypothesis (>=3.56)", "mock", "nose", "requests", "xmlschema"]

[[package]]
name = "pyusb"
version = "1.0.2"
description = "Python USB access module"
category = "dev"
optional = true
python-versions = "*"

[[package]]
name = "regex"
version = "2020.1.7"
description = "Alternative regular expression module, to replace re."
category = "dev"
optional = false
python-versions = "*"

[[package]]
name = "rpi-ws281x"
version = "4.2.2"
description = "Userspace Raspberry Pi PWM/PCM/SPI library for SK6812 and WS281X LEDs."
category = "dev"
optional = true
python-versions = "*"

[[package]]
name = "rpi.gpio"
version = "0.7.0"
description = "A module to control Raspberry Pi GPIO channels"
category = "dev"
optional = true
python-versions = "*"

[[package]]
name = "six"
version = "1.13.0"
description = "Python 2 and 3 compatibility utilities"
category = "main"
optional = false
python-versions = ">=2.6, !=3.0.*, !=3.1.*"

[[package]]
name = "spidev"
version = "3.4"
description = "Python bindings for Linux SPI access through spidev"
category = "dev"
optional = true
python-versions = "*"

[[package]]
name = "sysv-ipc"
version = "1.0.1"
description = "System V IPC primitives (semaphores, shared memory and message queues) for Python"
category = "dev"
optional = true
python-versions = "*"

[[package]]
name = "toml"
version = "0.10.0"
description = "Python Library for Tom's Obvious, Minimal Language"
category = "dev"
optional = false
python-versions = "*"

[[package]]
name = "typed-ast"
version = "1.4.0"
description = "a fork of Python 2 and 3 ast modules with type comment support"
category = "dev"
optional = false
python-versions = "*"

[[package]]
name = "wcwidth"
version = "0.1.8"
description = "Measures number of Terminal column cells of wide-character codes"
category = "dev"
optional = false
python-versions = "*"

[[package]]
name = "zipp"
version = "0.6.0"
description = "Backport of pathlib-compatible object wrapper for zip files"
category = "dev"
optional = false
python-versions = ">=2.7"

[package.dependencies]
more-itertools = "*"

[package.extras]
docs = ["sphinx", "jaraco.packaging (>=3.2)", "rst.linker (>=1.9)"]
testing = ["pathlib2", "contextlib2", "unittest2"]

[extras]
rpi = []

[metadata]
lock-version = "1.1"
python-versions = "^3.7"
content-hash = "62855ba87ddbf10e4f738f053e1607cc65b63d8f9b3d8e2506f7cd62abf5af88"

[metadata.files]
adafruit-blinka = []
adafruit-circuitpython-neopixel = []
adafruit-circuitpython-pixelbuf = []
adafruit-platformdetect = []
adafruit-pureio = []
appdirs = [
    {file = "appdirs-1.4.3-py2.py3-none-any.whl", hash = "sha256:d8b24664561d0d34ddfaec54636d502d7cea6e29c3eaf68f3df6180863e2166e"},
    {file = "appdirs-1.4.3.tar.gz", hash = "sha256:9e5896d1372858f8dd3344faf4e5014d21849c756c8d5701f78f8a103b372d92"},
]
atomicwrites = [
    {file = "atomicwrites-1.3.0-py2.py3-none-any.whl", hash = "sha256:03472c30eb2c5d1ba9227e4c2ca66ab8287fbfbbda3888aa93dc2e28fc6811b4"},
    {file = "atomicwrites-1.3.0.tar.gz", hash = "sha256:75a9445bac02d8d058d5e1fe689654ba5a6556a1dfd8ce6ec55a0ed79866cfa6"},
]
attrs = []
black = [
    {file = "black-19.10b0-py36-none-any.whl", hash = "sha256:1b30e59be925fafc1ee4565e5e08abef6b03fe455102883820fe5ee2e4734e0b"},
    {file = "black-19.10b0.tar.gz", hash = "sha256:c2edb73a08e9e0e6f65a0e6af18b059b8b1cdd5bef997d7a0b181df93dc81539"},
]
click = [
    {file = "Click-7.0-py2.py3-none-any.whl", hash = "sha256:2335065e6395b9e67ca716de5f7526736bfa6ceead690adf616d925bdc622b13"},
    {file = "Click-7.0.tar.gz", hash = "sha256:5b94b49521f6456670fdb30cd82a4eca9412788a93fa6dd6df72c94d5a8ff2d7"},
]
colorama = [
    {file = "colorama-0.4.3-py2.py3-none-any.whl", hash = "sha256:7d73d2a99753107a36ac6b455ee49046802e59d9d076ef8e47b61499fa29afff"},
    {file = "colorama-0.4.3.tar.gz", hash = "sha256:e96da0d330793e2cb9485e9ddfd918d456036c7149416295932478192f4436a1"},
]
coverage = [
    {file = "coverage-4.5.4-cp26-cp26m-macosx_10_12_x86_64.whl", hash = "sha256:eee64c616adeff7db37cc37da4180a3a5b6177f5c46b187894e633f088fb5b28"},
    {file = "coverage-4.5.4-cp27-cp27m-macosx_10_12_x86_64.whl", hash = "sha256:ef824cad1f980d27f26166f86856efe11eff9912c4fed97d3804820d43fa550c"},
    {file = "coverage-4.5.4-cp27-cp27m-macosx_10_13_intel.whl", hash = "sha256:9a334d6c83dfeadae576b4d633a71620d40d1c379129d587faa42ee3e2a85cce"},
    {file = "coverage-4.5.4-cp27-cp27m-manylinux1_i686.whl", hash = "sha256:7494b0b0274c5072bddbfd5b4a6c6f18fbbe1ab1d22a41e99cd2d00c8f96ecfe"},
    {file = "coverage-4.5.4-cp27-cp27m-manylinux1_x86_64.whl", hash = "sha256:826f32b9547c8091679ff292a82aca9c7b9650f9fda3e2ca6bf2ac905b7ce888"},
    {file = "coverage-4.5.4-cp27-cp27m-win32.whl", hash = "sha256:63a9a5fc43b58735f65ed63d2cf43508f462dc49857da70b8980ad78d41d52fc"},
    {file = "coverage-4.5.4-cp27-cp27m-win_amd64.whl", hash = "sha256:e2ede7c1d45e65e209d6093b762e98e8318ddeff95317d07a27a2140b80cfd24"},
    {file = "coverage-4.5.4-cp27-cp27mu-manylinux1_i686.whl", hash = "sha256:dd579709a87092c6dbee09d1b7cfa81831040705ffa12a1b248935274aee0437"},
    {file = "coverage-4.5.4-cp27-cp27mu-manylinux1_x86_64.whl", hash = "sha256:08907593569fe59baca0bf152c43f3863201efb6113ecb38ce7e97ce339805a6"},
    {file = "coverage-4.5.4-cp33-cp33m-macosx_10_10_x86_64.whl", hash = "sha256:6b62544bb68106e3f00b21c8930e83e584fdca005d4fffd29bb39fb3ffa03cb5"},
    {file = "coverage-4.5.4-cp34-cp34m-macosx_10_12_x86_64.whl", hash = "sha256:331cb5115673a20fb131dadd22f5bcaf7677ef758741312bee4937d71a14b2ef"},
    {file = "coverage-4.5.4-cp34-cp34m-manylinux1_i686.whl", hash = "sha256:bf1ef9eb901113a9805287e090452c05547578eaab1b62e4ad456fcc049a9b7e"},
    {file = "coverage-4.5.4-cp34-cp34m-manylinux1_x86_64.whl", hash = "sha256:386e2e4090f0bc5df274e720105c342263423e77ee8826002dcffe0c9533dbca"},
    {file = "coverage-4.5.4-cp34-cp34m-win32.whl", hash = "sha256:fa964bae817babece5aa2e8c1af841bebb6d0b9add8e637548809d040443fee0"},
    {file = "coverage-4.5.4-cp34-cp34m-win_amd64.whl", hash = "sha256:df6712284b2e44a065097846488f66840445eb987eb81b3cc6e4149e7b6982e1"},
    {file = "coverage-4.5.4-cp35-cp35m-macosx_10_12_x86_64.whl", hash = "sha256:efc89291bd5a08855829a3c522df16d856455297cf35ae827a37edac45f466a7"},
    {file = "coverage-4.5.4-cp35-cp35m-manylinux1_i686.whl", hash = "sha256:e4ef9c164eb55123c62411f5936b5c2e521b12356037b6e1c2617cef45523d47"},
    {file = "coverage-4.5.4-cp35-cp35m-manylinux1_x86_64.whl", hash = "sha256:ff37757e068ae606659c28c3bd0d923f9d29a85de79bf25b2b34b148473b5025"},
    {file = "coverage-4.5.4-cp35-cp35m-win32.whl", hash = "sha256:bf0a7aed7f5521c7ca67febd57db473af4762b9622254291fbcbb8cd0ba5e33e"},
    {file = "coverage-4.5.4-cp35-cp35m-win_amd64.whl", hash = "sha256:19e4df788a0581238e9390c85a7a09af39c7b539b29f25c89209e6c3e371270d"},
    {file = "coverage-4.5.4-cp36-cp36m-macosx_10_13_x86_64.whl", hash = "sha256:60851187677b24c6085248f0a0b9b98d49cba7ecc7ec60ba6b9d2e5574ac1ee9"},
    {file = "coverage-4.5.4-cp36-cp36m-manylinux1_i686.whl", hash = "sha256:245388cda02af78276b479f299bbf3783ef0a6a6273037d7c60dc73b8d8d7755"},
    {file = "coverage-4.5.4-cp36-cp36m-manylinux1_x86_64.whl", hash = "sha256:c0afd27bc0e307a1ffc04ca5ec010a290e49e3afbe841c5cafc5c5a80ecd81c9"},
    {file = "coverage-4.5.4-cp36-cp36m-win32.whl", hash = "sha256:6ba744056423ef8d450cf627289166da65903885272055fb4b5e113137cfa14f"},
    {file = "coverage-4.5.4-cp36-cp36m-win_amd64.whl", hash = "sha256:af7ed8a8aa6957aac47b4268631fa1df984643f07ef00acd374e456364b373f5"},
    {file = "coverage-4.5.4-cp37-cp37m-macosx_10_13_x86_64.whl", hash = "sha256:3a794ce50daee01c74a494919d5ebdc23d58873747fa0e288318728533a3e1ca"},
    {file = "coverage-4.5.4-cp37-cp37m-manylinux1_i686.whl", hash = "sha256:0be0f1ed45fc0c185cfd4ecc19a1d6532d72f86a2bac9de7e24541febad72650"},
    {file = "coverage-4.5.4-cp37-cp37m-manylinux1_x86_64.whl", hash = "sha256:eca2b7343524e7ba246cab8ff00cab47a2d6d54ada3b02772e908a45675722e2"},
    {file = "coverage-4.5.4-cp37-cp37m-win32.whl", hash = "sha256:93715dffbcd0678057f947f496484e906bf9509f5c1c38fc9ba3922893cda5f5"},
    {file = "coverage-4.5.4-cp37-cp37m-win_amd64.whl", hash = "sha256:23cc09ed395b03424d1ae30dcc292615c1372bfba7141eb85e11e50efaa6b351"},
    {file = "coverage-4.5.4-cp38-cp38-macosx_10_13_x86_64.whl", hash = "sha256:141f08ed3c4b1847015e2cd62ec06d35e67a3ac185c26f7635f4406b90afa9c5"},
    {file = "coverage-4.5.4.tar.gz", hash = "sha256:e07d9f1a23e9e93ab5c62902833bf3e4b1f65502927379148b6622686223125c"},
]
entrypoints = [
    {file = "entrypoints-0.3-py2.py3-none-any.whl", hash = "sha256:589f874b313739ad35be6e0cd7efde2a4e9b6fea91edcc34e58ecbb8dbe56d19"},
    {file = "entrypoints-0.3.tar.gz", hash = "sha256:c70dd71abe5a8c85e55e12c19bd91ccfeec11a6e99044204511f9ed547d48451"},
]
flake8 = [
    {file = "flake8-3.7.9-py2.py3-none-any.whl", hash = "sha256:49356e766643ad15072a789a20915d3c91dc89fd313ccd71802303fd67e4deca"},
    {file = "flake8-3.7.9.tar.gz", hash = "sha256:45681a117ecc81e870cbf1262835ae4af5e7a8b08e40b944a8a6e6b895914cfb"},
]
grpcio = []
grpcio-tools = []
importlib-metadata = [
    {file = "importlib_metadata-1.3.0-py2.py3-none-any.whl", hash = "sha256:d95141fbfa7ef2ec65cfd945e2af7e5a6ddbd7c8d9a25e66ff3be8e3daf9f60f"},
    {file = "importlib_metadata-1.3.0.tar.gz", hash = "sha256:073a852570f92da5f744a3472af1b61e28e9f78ccf0c9117658dc32b15de7b45"},
]
isort = [
    {file = "isort-4.3.21-py2.py3-none-any.whl", hash = "sha256:6e811fcb295968434526407adb8796944f1988c5b65e8139058f2014cbe100fd"},
    {file = "isort-4.3.21.tar.gz", hash = "sha256:54da7e92468955c4fceacd0c86bd0ec997b0e1ee80d97f67c35a78b719dccab1"},
]
mccabe = [
    {file = "mccabe-0.6.1-py2.py3-none-any.whl", hash = "sha256:ab8a6258860da4b6677da4bd2fe5dc2c659cff31b3ee4f7f5d64e79735b80d42"},
    {file = "mccabe-0.6.1.tar.gz", hash = "sha256:dd8d182285a0fe56bace7f45b5e7d1a6ebcbf524e8f3bd87eb0f125271b8831f"},
]
more-itertools = [
    {file = "more-itertools-8.0.2.tar.gz", hash = "sha256:b84b238cce0d9adad5ed87e745778d20a3f8487d0f0cb8b8a586816c7496458d"},
    {file = "more_itertools-8.0.2-py3-none-any.whl", hash = "sha256:c833ef592a0324bcc6a60e48440da07645063c453880c9477ceb22490aec1564"},
]
packaging = [
    {file = "packaging-20.0-py2.py3-none-any.whl", hash = "sha256:aec3fdbb8bc9e4bb65f0634b9f551ced63983a529d6a8931817d52fdd0816ddb"},
    {file = "packaging-20.0.tar.gz", hash = "sha256:fe1d8331dfa7cc0a883b49d75fc76380b2ab2734b220fbb87d774e4fd4b851f8"},
]
pathspec = []
pluggy = []
protobuf = [
    {file = "protobuf-3.15.0-cp27-cp27m-macosx_10_9_x86_64.whl", hash = "sha256:44d824adb48fe8baf81e628c2edaf9911912cd592a83621d2b877ccfde631d61"},
    {file = "protobuf-3.15.0-cp27-cp27mu-manylinux1_x86_64.whl", hash = "sha256:b04449133e31b65924650d758efbc2397c2d0e5eb3c8cae7428ffc4fa9c3403d"},
    {file = "protobuf-3.15.0-cp35-cp35m-macosx_10_9_intel.whl", hash = "sha256:ef69a10d45529a08367e70e736b3ce8e2af51360f23650ef1d4381ff9038467a"},
    {file = "protobuf-3.15.0-cp35-cp35m-manylinux1_x86_64.whl", hash = "sha256:50f28efa66232a2fbbdd638dd61d9399ff66bcfde40ff305263b229692928081"},
    {file = "protobuf-3.15.0-cp35-cp35m-win32.whl", hash = "sha256:25f0ee57684f7bc3f0511b73cf55c016a891d09079c357794759663fe3da9cd3"},
    {file = "protobuf-3.15.0-cp35-cp35m-win_amd64.whl", hash = "sha256:94b34486986d7683e83f9d02a0112533263fc20fae54fff3f4fd69451e682ec7"},
    {file = "protobuf-3.15.0-cp36-cp36m-macosx_10_9_x86_64.whl", hash = "sha256:11f192d491613f692b3ddc18f06c925785b3019c8e35d32c811421ca9ff7d50e"},
    {file = "protobuf-3.15.0-cp36-cp36m-manylinux1_x86_64.whl", hash = "sha256:867635c1d541ce336a1a4df3379d1116f02eba6dc326d080c8ef02f34036c415"},
    {file = "protobuf-3.15.0-cp36-cp36m-win32.whl", hash = "sha256:f6d10b1f86cebb8008a256f474948fc6204391e02a9c12935eebf036bbb07b65"},
    {file = "protobuf-3.15.0-cp36-cp36m-win_amd64.whl", hash = "sha256:5c2ee13f5ea237a17bd81f52f972b7d334c0a43330d2a2a7b25b07f16eb146d8"},
    {file = "protobuf-3.15.0-cp37-cp37m-macosx_10_9_x86_64.whl", hash = "sha256:2ccc0169b5145b3af676b6997be6fe62961edfc12bb524a7b9c46fb5d208a3d4"},
    {file = "protobuf-3.15.0-cp37-cp37m-manylinux1_x86_64.whl", hash = "sha256:51e080fb1de5db54b0a6b1519ba8dda55e57404b0a4948e58f1342a3e15d89ec"},
    {file = "protobuf-3.15.0-cp37-cp37m-win32.whl", hash = "sha256:d892e487bd544463ce1e656434591593f710169335ac3f02ce30ee866c2f2464"},
    {file = "protobuf-3.15.0-cp37-cp37m-win_amd64.whl", hash = "sha256:40f031f79b0254aa62082ca87776c0959d85adf99f09cdef9d0b320bb772a609"},
    {file = "protobuf-3.15.0-cp38-cp38-macosx_10_9_x86_64.whl", hash = "sha256:ae4bcd5a0ce3f77d0523c3e5ed0d04ed2af454f7bf7cef08cb7a8d0915ac80a9"},
    {file = "protobuf-3.15.0-cp38-cp38-manylinux1_x86_64.whl", hash = "sha256:830a9c71df347b3fb3cd24ec985c4ed64f6e75983f543a1d8a3c96302dae915c"},
    {file = "protobuf-3.15.0-cp39-cp39-macosx_10_9_x86_64.whl", hash = "sha256:fecf1b00ccc87bb8debca8b56458cc57c486d2d7afe22c7526728f79ffe232f4"},
    {file = "protobuf-3.15.0-cp39-cp39-manylinux1_x86_64.whl", hash = "sha256:0e00b4e4a4800b389ae7f0058e1fc9d012444fdde926569d8cce55c84a01ef74"},
    {file = "protobuf-3.15.0-py2.py3-none-any.whl", hash = "sha256:013a9ec4dccad9a6ed3aa1ad9e86a25a4e0d6d3bbe059b6f6502db20473c3e69"},
    {file = "protobuf-3.15.0.tar.gz", hash = "sha256:e9f13fadb15b80e4a83ef5d9fa44e19243b1e2d96e84ee2228ca305180ca059e"},
]
py = []
pycodestyle = [
    {file = "pycodestyle-2.5.0-py2.py3-none-any.whl", hash = "sha256:95a2219d12372f05704562a14ec30bc76b05a5b297b21a5dfe3f6fac3491ae56"},
    {file = "pycodestyle-2.5.0.tar.gz", hash = "sha256:e40a936c9a450ad81df37f549d676d127b1b66000a6c500caa2b085bc0ca976c"},
]
pyflakes = [
    {file = "pyflakes-2.1.1-py2.py3-none-any.whl", hash = "sha256:17dbeb2e3f4d772725c777fabc446d5634d1038f234e77343108ce445ea69ce0"},
    {file = "pyflakes-2.1.1.tar.gz", hash = "sha256:d976835886f8c5b31d47970ed689944a0262b5f3afa00a5a7b4dc81e5449f8a2"},
]
pyftdi = [
    {file = "pyftdi-0.42.2.tar.gz", hash = "sha256:72436911f1f5da15869027401ef666e9b0c8f051e4ba8cd32377b0757016ebae"},
]
pyparsing = []
pyserial = [
    {file = "pyserial-3.4-py2.py3-none-any.whl", hash = "sha256:e0770fadba80c31013896c7e6ef703f72e7834965954a78e71a3049488d4d7d8"},
    {file = "pyserial-3.4.tar.gz", hash = "sha256:6e2d401fdee0eab996cf734e67773a0143b932772ca8b42451440cfed942c627"},
]
pytest = []
pyusb = [
    {file = "pyusb-1.0.2.tar.gz", hash = "sha256:4e9b72cc4a4205ca64fbf1f3fff39a335512166c151ad103e55c8223ac147362"},
]
regex = []
rpi-ws281x = []
"rpi.gpio" = []
six = []
spidev = []
sysv-ipc = []
toml = [
    {file = "toml-0.10.0-py2.7.egg", hash = "sha256:f1db651f9657708513243e61e6cc67d101a39bad662eaa9b5546f789338e07a3"},
    {file = "toml-0.10.0-py2.py3-none-any.whl", hash = "sha256:235682dd292d5899d361a811df37e04a8828a5b1da3115886b73cf81ebc9100e"},
    {file = "toml-0.10.0.tar.gz", hash = "sha256:229f81c57791a41d65e399fc06bf0848bab550a9dfd5ed66df18ce5f05e73d5c"},
]
typed-ast = []
wcwidth = [
    {file = "wcwidth-0.1.8-py2.py3-none-any.whl", hash = "sha256:8fd29383f539be45b20bd4df0dc29c20ba48654a41e661925e612311e9f3c603"},
    {file = "wcwidth-0.1.8.tar.gz", hash = "sha256:f28b3e8a6483e5d49e7f8949ac1a78314e740333ae305b4ba5defd3e74fb37a8"},
]
zipp = []
